
Microsoft Visual Studio Solution File, Format Version 12.00
# Visual Studio Version 17
VisualStudioVersion = 17.5.33516.290
MinimumVisualStudioVersion = 10.0.40219.1
Project("{8BC9CEB8-8B4A-11D0-8D11-00A0C91BC942}") = "20230331_동물의왕국", "20230331_동물의왕국\20230331_동물의왕국.vcxproj", "{3DAE637D-1571-4B7E-BF36-17F9A9E6A0CF}"
EndProject
Global
	GlobalSection(SolutionConfigurationPlatforms) = preSolution
		Debug|x64 = Debug|x64
		Debug|x86 = Debug|x86
		Release|x64 = Release|x64
		Release|x86 = Release|x86
	EndGlobalSection
	GlobalSection(ProjectConfigurationPlatforms) = postSolution
		{3DAE637D-1571-4B7E-BF36-17F9A9E6A0CF}.Debug|x64.ActiveCfg = Debug|x64
		{3DAE637D-1571-4B7E-BF36-17F9A9E6A0CF}.Debug|x64.Build.0 = Debug|x64
		{3DAE637D-1571-4B7E-BF36-17F9A9E6A0CF}.Debug|x86.ActiveCfg = Debug|Win32
		{3DAE637D-1571-4B7E-BF36-17F9A9E6A0CF}.Debug|x86.Build.0 = Debug|Win32
		{3DAE637D-1571-4B7E-BF36-17F9A9E6A0CF}.Release|x64.ActiveCfg = Release|x64
		{3DAE637D-1571-4B7E-BF36-17F9A9E6A0CF}.Release|x64.Build.0 = Release|x64
		{3DAE637D-1571-4B7E-BF36-17F9A9E6A0CF}.Release|x86.ActiveCfg = Release|Win32
		{3DAE637D-1571-4B7E-BF36-17F9A9E6A0CF}.Release|x86.Build.0 = Release|Win32
	EndGlobalSection
	GlobalSection(SolutionProperties) = preSolution
		HideSolutionNode = FALSE
	EndGlobalSection
	GlobalSection(ExtensibilityGlobals) = postSolution
		SolutionGuid = {35E0DEE4-8A50-450F-914E-699F2A1643B7}
	EndGlobalSection
EndGlobal
