
Microsoft Visual Studio Solution File, Format Version 12.00
# Visual Studio Version 17
VisualStudioVersion = 17.5.33516.290
MinimumVisualStudioVersion = 10.0.40219.1
Project("{8BC9CEB8-8B4A-11D0-8D11-00A0C91BC942}") = "20230401_실습_업캐스팅해설", "20230401_실습_업캐스팅해설\20230401_실습_업캐스팅해설.vcxproj", "{99756B13-83F8-4819-B8D5-5FAB13D4872B}"
EndProject
Global
	GlobalSection(SolutionConfigurationPlatforms) = preSolution
		Debug|x64 = Debug|x64
		Debug|x86 = Debug|x86
		Release|x64 = Release|x64
		Release|x86 = Release|x86
	EndGlobalSection
	GlobalSection(ProjectConfigurationPlatforms) = postSolution
		{99756B13-83F8-4819-B8D5-5FAB13D4872B}.Debug|x64.ActiveCfg = Debug|x64
		{99756B13-83F8-4819-B8D5-5FAB13D4872B}.Debug|x64.Build.0 = Debug|x64
		{99756B13-83F8-4819-B8D5-5FAB13D4872B}.Debug|x86.ActiveCfg = Debug|Win32
		{99756B13-83F8-4819-B8D5-5FAB13D4872B}.Debug|x86.Build.0 = Debug|Win32
		{99756B13-83F8-4819-B8D5-5FAB13D4872B}.Release|x64.ActiveCfg = Release|x64
		{99756B13-83F8-4819-B8D5-5FAB13D4872B}.Release|x64.Build.0 = Release|x64
		{99756B13-83F8-4819-B8D5-5FAB13D4872B}.Release|x86.ActiveCfg = Release|Win32
		{99756B13-83F8-4819-B8D5-5FAB13D4872B}.Release|x86.Build.0 = Release|Win32
	EndGlobalSection
	GlobalSection(SolutionProperties) = preSolution
		HideSolutionNode = FALSE
	EndGlobalSection
	GlobalSection(ExtensibilityGlobals) = postSolution
		SolutionGuid = {81B58972-45DB-4A68-BB9B-307B0A6EC34B}
	EndGlobalSection
EndGlobal
