
Microsoft Visual Studio Solution File, Format Version 12.00
# Visual Studio Version 17
VisualStudioVersion = 17.5.33516.290
MinimumVisualStudioVersion = 10.0.40219.1
Project("{8BC9CEB8-8B4A-11D0-8D11-00A0C91BC942}") = "20230329-실습", "20230329-실습\20230329-실습.vcxproj", "{9EDEB4B8-D8B9-44D1-B3E8-181EAC0576AC}"
EndProject
Global
	GlobalSection(SolutionConfigurationPlatforms) = preSolution
		Debug|x64 = Debug|x64
		Debug|x86 = Debug|x86
		Release|x64 = Release|x64
		Release|x86 = Release|x86
	EndGlobalSection
	GlobalSection(ProjectConfigurationPlatforms) = postSolution
		{9EDEB4B8-D8B9-44D1-B3E8-181EAC0576AC}.Debug|x64.ActiveCfg = Debug|x64
		{9EDEB4B8-D8B9-44D1-B3E8-181EAC0576AC}.Debug|x64.Build.0 = Debug|x64
		{9EDEB4B8-D8B9-44D1-B3E8-181EAC0576AC}.Debug|x86.ActiveCfg = Debug|Win32
		{9EDEB4B8-D8B9-44D1-B3E8-181EAC0576AC}.Debug|x86.Build.0 = Debug|Win32
		{9EDEB4B8-D8B9-44D1-B3E8-181EAC0576AC}.Release|x64.ActiveCfg = Release|x64
		{9EDEB4B8-D8B9-44D1-B3E8-181EAC0576AC}.Release|x64.Build.0 = Release|x64
		{9EDEB4B8-D8B9-44D1-B3E8-181EAC0576AC}.Release|x86.ActiveCfg = Release|Win32
		{9EDEB4B8-D8B9-44D1-B3E8-181EAC0576AC}.Release|x86.Build.0 = Release|Win32
	EndGlobalSection
	GlobalSection(SolutionProperties) = preSolution
		HideSolutionNode = FALSE
	EndGlobalSection
	GlobalSection(ExtensibilityGlobals) = postSolution
		SolutionGuid = {61BE2DDC-F8F2-42EA-9890-7A3C09060AFA}
	EndGlobalSection
EndGlobal
